// !$*UTF8*$!
{
	archiveVersion = 1;
	classes = {
	};
	objectVersion = 55;
	objects = {

/* Begin PBXBuildFile section */
		4D4539C328A3B60F00B4686E /* ReceptionForLinkupApp.swift in Sources */ = {isa = PBXBuildFile; fileRef = 4D4539C228A3B60F00B4686E /* ReceptionForLinkupApp.swift */; };
		4D4539C528A3B60F00B4686E /* ContentView.swift in Sources */ = {isa = PBXBuildFile; fileRef = 4D4539C428A3B60F00B4686E /* ContentView.swift */; };
		4D4539C728A3B61200B4686E /* Assets.xcassets in Resources */ = {isa = PBXBuildFile; fileRef = 4D4539C628A3B61200B4686E /* Assets.xcassets */; };
		4D4539CA28A3B61200B4686E /* Preview Assets.xcassets in Resources */ = {isa = PBXBuildFile; fileRef = 4D4539C928A3B61200B4686E /* Preview Assets.xcassets */; };
		4D4539F328A3B6EB00B4686E /* User.swift in Sources */ = {isa = PBXBuildFile; fileRef = 4D4539F228A3B6EB00B4686E /* User.swift */; };
		4D4539F628A3B99F00B4686E /* HomeView.swift in Sources */ = {isa = PBXBuildFile; fileRef = 4D4539F528A3B99F00B4686E /* HomeView.swift */; };
		4D4539F928A3BA0C00B4686E /* ReceptionView.swift in Sources */ = {isa = PBXBuildFile; fileRef = 4D4539F828A3BA0C00B4686E /* ReceptionView.swift */; };
		4D4539FC28A3BA9D00B4686E /* FinishListView.swift in Sources */ = {isa = PBXBuildFile; fileRef = 4D4539FB28A3BA9D00B4686E /* FinishListView.swift */; };
		4D4539FE28A3BAB800B4686E /* HistoryListView.swift in Sources */ = {isa = PBXBuildFile; fileRef = 4D4539FD28A3BAB800B4686E /* HistoryListView.swift */; };
		4D453A0028A3DCF200B4686E /* HomeViewButton.swift in Sources */ = {isa = PBXBuildFile; fileRef = 4D4539FF28A3DCF200B4686E /* HomeViewButton.swift */; };
		4D453A0228A3E58A00B4686E /* HomeTopHeader.swift in Sources */ = {isa = PBXBuildFile; fileRef = 4D453A0128A3E58A00B4686E /* HomeTopHeader.swift */; };
		4D505A7F28A73E8B00143A8E /* UserModelTests.swift in Sources */ = {isa = PBXBuildFile; fileRef = 4DEFD0DB28A723BF00C4DCF9 /* UserModelTests.swift */; };
		4DD34F1C28A861700006760E /* ReceptionForLinkupViewTest.swift in Sources */ = {isa = PBXBuildFile; fileRef = 4DD34F1B28A861700006760E /* ReceptionForLinkupViewTest.swift */; };
		4DD34FA728A8884F0006760E /* Realm in Frameworks */ = {isa = PBXBuildFile; productRef = 4DD34FA628A8884F0006760E /* Realm */; };
		4DD34FAA28A889730006760E /* RealmSwift in Frameworks */ = {isa = PBXBuildFile; productRef = 4DD34FA928A889730006760E /* RealmSwift */; };
		4DD34FAF28A88A3F0006760E /* ViewInspector in Frameworks */ = {isa = PBXBuildFile; productRef = 4DD34FAE28A88A3F0006760E /* ViewInspector */; };
		4DD34FB128A88A660006760E /* Realm in Frameworks */ = {isa = PBXBuildFile; productRef = 4DD34FB028A88A660006760E /* Realm */; };
		4DD34FB328A88A660006760E /* RealmSwift in Frameworks */ = {isa = PBXBuildFile; productRef = 4DD34FB228A88A660006760E /* RealmSwift */; };
		4DD34FB528A88A700006760E /* Realm in Frameworks */ = {isa = PBXBuildFile; productRef = 4DD34FB428A88A700006760E /* Realm */; };
		4DD34FB728A88A700006760E /* RealmSwift in Frameworks */ = {isa = PBXBuildFile; productRef = 4DD34FB628A88A700006760E /* RealmSwift */; };
		4DD34FB928A88BDF0006760E /* ContentTestView.swift in Sources */ = {isa = PBXBuildFile; fileRef = 4DD34FB828A88BDF0006760E /* ContentTestView.swift */; };
		4DD34FBA28A88CE30006760E /* ContentTestView.swift in Sources */ = {isa = PBXBuildFile; fileRef = 4DD34FB828A88BDF0006760E /* ContentTestView.swift */; };
		4DD34FBB28A88F160006760E /* ThankYouView.swift in Sources */ = {isa = PBXBuildFile; fileRef = 4DEFD0AD28A4C9B700C4DCF9 /* ThankYouView.swift */; };
		4DD34FBC28A88FDB0006760E /* extensions.swift in Sources */ = {isa = PBXBuildFile; fileRef = 4DEFD0BA28A5D13B00C4DCF9 /* extensions.swift */; };
		4DD34FBD28A88FDB0006760E /* columnModifer.swift in Sources */ = {isa = PBXBuildFile; fileRef = 4DEFD0B028A4EE7C00C4DCF9 /* columnModifer.swift */; };
		4DD34FBE28A88FDB0006760E /* utilFunc.swift in Sources */ = {isa = PBXBuildFile; fileRef = 4DEFD0C028A634E900C4DCF9 /* utilFunc.swift */; };
		4DD34FBF28A88FDB0006760E /* AudioPlayer.swift in Sources */ = {isa = PBXBuildFile; fileRef = 4DEFD0C528A647E400C4DCF9 /* AudioPlayer.swift */; };
		4DD34FC028A88FDB0006760E /* SubmitButton.swift in Sources */ = {isa = PBXBuildFile; fileRef = 4DEFD0A628A49EF100C4DCF9 /* SubmitButton.swift */; };
		4DD44E7F28A79E59001F00FD /* ReceptionForLinkupUITestsLaunchTests.swift in Sources */ = {isa = PBXBuildFile; fileRef = 4D505A8828A75AD400143A8E /* ReceptionForLinkupUITestsLaunchTests.swift */; };
		4DEFD0A128A489CF00C4DCF9 /* ReceptionSubmitButtonView.swift in Sources */ = {isa = PBXBuildFile; fileRef = 4DEFD0A028A489CF00C4DCF9 /* ReceptionSubmitButtonView.swift */; };
		4DEFD0A528A4972E00C4DCF9 /* ReceptionConfirmModalView.swift in Sources */ = {isa = PBXBuildFile; fileRef = 4DEFD0A428A4972E00C4DCF9 /* ReceptionConfirmModalView.swift */; };
		4DEFD0A728A49EF100C4DCF9 /* SubmitButton.swift in Sources */ = {isa = PBXBuildFile; fileRef = 4DEFD0A628A49EF100C4DCF9 /* SubmitButton.swift */; };
		4DEFD0A928A4BDE300C4DCF9 /* ReceptionTermView.swift in Sources */ = {isa = PBXBuildFile; fileRef = 4DEFD0A828A4BDE300C4DCF9 /* ReceptionTermView.swift */; };
		4DEFD0AC28A4C02F00C4DCF9 /* FinishConfirmView.swift in Sources */ = {isa = PBXBuildFile; fileRef = 4DEFD0AB28A4C02F00C4DCF9 /* FinishConfirmView.swift */; };
		4DEFD0AE28A4C9B700C4DCF9 /* ThankYouView.swift in Sources */ = {isa = PBXBuildFile; fileRef = 4DEFD0AD28A4C9B700C4DCF9 /* ThankYouView.swift */; };
		4DEFD0B128A4EE7C00C4DCF9 /* columnModifer.swift in Sources */ = {isa = PBXBuildFile; fileRef = 4DEFD0B028A4EE7C00C4DCF9 /* columnModifer.swift */; };
		4DEFD0B328A4F44D00C4DCF9 /* HistoryDeleteModalView.swift in Sources */ = {isa = PBXBuildFile; fileRef = 4DEFD0B228A4F44D00C4DCF9 /* HistoryDeleteModalView.swift */; };
		4DEFD0B528A4F93300C4DCF9 /* ChangeUserInfoView.swift in Sources */ = {isa = PBXBuildFile; fileRef = 4DEFD0B428A4F93300C4DCF9 /* ChangeUserInfoView.swift */; };
		4DEFD0B828A51A4A00C4DCF9 /* UserRepository.swift in Sources */ = {isa = PBXBuildFile; fileRef = 4DEFD0B728A51A4A00C4DCF9 /* UserRepository.swift */; };
		4DEFD0BB28A5D13B00C4DCF9 /* extensions.swift in Sources */ = {isa = PBXBuildFile; fileRef = 4DEFD0BA28A5D13B00C4DCF9 /* extensions.swift */; };
		4DEFD0BF28A62F1F00C4DCF9 /* CSVCreator.swift in Sources */ = {isa = PBXBuildFile; fileRef = 4DEFD0BE28A62F1F00C4DCF9 /* CSVCreator.swift */; };
		4DEFD0C128A634E900C4DCF9 /* utilFunc.swift in Sources */ = {isa = PBXBuildFile; fileRef = 4DEFD0C028A634E900C4DCF9 /* utilFunc.swift */; };
		4DEFD0C628A647E400C4DCF9 /* AudioPlayer.swift in Sources */ = {isa = PBXBuildFile; fileRef = 4DEFD0C528A647E400C4DCF9 /* AudioPlayer.swift */; };
		4DEFD0D028A64BEE00C4DCF9 /* chimeup.mp3 in Resources */ = {isa = PBXBuildFile; fileRef = 4DEFD0CE28A64BEE00C4DCF9 /* chimeup.mp3 */; };
		4DEFD0D128A64BEE00C4DCF9 /* success.m4a in Resources */ = {isa = PBXBuildFile; fileRef = 4DEFD0CF28A64BEE00C4DCF9 /* success.m4a */; };
		4DEFD0D328A7066100C4DCF9 /* ReceptionViewModel.swift in Sources */ = {isa = PBXBuildFile; fileRef = 4DEFD0D228A7066100C4DCF9 /* ReceptionViewModel.swift */; };
		4DEFD0D728A713A200C4DCF9 /* ChangeUserInfoViewModel.swift in Sources */ = {isa = PBXBuildFile; fileRef = 4DEFD0D628A713A200C4DCF9 /* ChangeUserInfoViewModel.swift */; };
		4DEFD0D928A7176800C4DCF9 /* HistoryCSVConfirmView.swift in Sources */ = {isa = PBXBuildFile; fileRef = 4DEFD0D828A7176800C4DCF9 /* HistoryCSVConfirmView.swift */; };
/* End PBXBuildFile section */

/* Begin PBXContainerItemProxy section */
		4D4539D028A3B61300B4686E /* PBXContainerItemProxy */ = {
			isa = PBXContainerItemProxy;
			containerPortal = 4D4539B728A3B60F00B4686E /* Project object */;
			proxyType = 1;
			remoteGlobalIDString = 4D4539BE28A3B60F00B4686E;
			remoteInfo = ReceptionForLinkup;
		};
		4D505A8A28A75AD400143A8E /* PBXContainerItemProxy */ = {
			isa = PBXContainerItemProxy;
			containerPortal = 4D4539B728A3B60F00B4686E /* Project object */;
			proxyType = 1;
			remoteGlobalIDString = 4D4539BE28A3B60F00B4686E;
			remoteInfo = ReceptionForLinkup;
		};
/* End PBXContainerItemProxy section */

/* Begin PBXFileReference section */
		4D4539BF28A3B60F00B4686E /* ReceptionForLinkup.app */ = {isa = PBXFileReference; explicitFileType = wrapper.application; includeInIndex = 0; path = ReceptionForLinkup.app; sourceTree = BUILT_PRODUCTS_DIR; };
		4D4539C228A3B60F00B4686E /* ReceptionForLinkupApp.swift */ = {isa = PBXFileReference; lastKnownFileType = sourcecode.swift; path = ReceptionForLinkupApp.swift; sourceTree = "<group>"; };
		4D4539C428A3B60F00B4686E /* ContentView.swift */ = {isa = PBXFileReference; lastKnownFileType = sourcecode.swift; path = ContentView.swift; sourceTree = "<group>"; };
		4D4539C628A3B61200B4686E /* Assets.xcassets */ = {isa = PBXFileReference; lastKnownFileType = folder.assetcatalog; path = Assets.xcassets; sourceTree = "<group>"; };
		4D4539C928A3B61200B4686E /* Preview Assets.xcassets */ = {isa = PBXFileReference; lastKnownFileType = folder.assetcatalog; path = "Preview Assets.xcassets"; sourceTree = "<group>"; };
		4D4539CF28A3B61300B4686E /* ReceptionForLinkupTests.xctest */ = {isa = PBXFileReference; explicitFileType = wrapper.cfbundle; includeInIndex = 0; path = ReceptionForLinkupTests.xctest; sourceTree = BUILT_PRODUCTS_DIR; };
		4D4539F228A3B6EB00B4686E /* User.swift */ = {isa = PBXFileReference; lastKnownFileType = sourcecode.swift; path = User.swift; sourceTree = "<group>"; };
		4D4539F528A3B99F00B4686E /* HomeView.swift */ = {isa = PBXFileReference; lastKnownFileType = sourcecode.swift; path = HomeView.swift; sourceTree = "<group>"; };
		4D4539F828A3BA0C00B4686E /* ReceptionView.swift */ = {isa = PBXFileReference; lastKnownFileType = sourcecode.swift; path = ReceptionView.swift; sourceTree = "<group>"; };
		4D4539FB28A3BA9D00B4686E /* FinishListView.swift */ = {isa = PBXFileReference; lastKnownFileType = sourcecode.swift; path = FinishListView.swift; sourceTree = "<group>"; };
		4D4539FD28A3BAB800B4686E /* HistoryListView.swift */ = {isa = PBXFileReference; lastKnownFileType = sourcecode.swift; path = HistoryListView.swift; sourceTree = "<group>"; };
		4D4539FF28A3DCF200B4686E /* HomeViewButton.swift */ = {isa = PBXFileReference; lastKnownFileType = sourcecode.swift; path = HomeViewButton.swift; sourceTree = "<group>"; };
		4D453A0128A3E58A00B4686E /* HomeTopHeader.swift */ = {isa = PBXFileReference; lastKnownFileType = sourcecode.swift; path = HomeTopHeader.swift; sourceTree = "<group>"; };
		4D505A8428A75AD400143A8E /* ReceptionForLinkupUITests.xctest */ = {isa = PBXFileReference; explicitFileType = wrapper.cfbundle; includeInIndex = 0; path = ReceptionForLinkupUITests.xctest; sourceTree = BUILT_PRODUCTS_DIR; };
		4D505A8828A75AD400143A8E /* ReceptionForLinkupUITestsLaunchTests.swift */ = {isa = PBXFileReference; lastKnownFileType = sourcecode.swift; path = ReceptionForLinkupUITestsLaunchTests.swift; sourceTree = "<group>"; };
		4DD34F1B28A861700006760E /* ReceptionForLinkupViewTest.swift */ = {isa = PBXFileReference; lastKnownFileType = sourcecode.swift; path = ReceptionForLinkupViewTest.swift; sourceTree = "<group>"; };
		4DD34FB828A88BDF0006760E /* ContentTestView.swift */ = {isa = PBXFileReference; lastKnownFileType = sourcecode.swift; path = ContentTestView.swift; sourceTree = "<group>"; };
		4DEFD0A028A489CF00C4DCF9 /* ReceptionSubmitButtonView.swift */ = {isa = PBXFileReference; lastKnownFileType = sourcecode.swift; path = ReceptionSubmitButtonView.swift; sourceTree = "<group>"; };
		4DEFD0A428A4972E00C4DCF9 /* ReceptionConfirmModalView.swift */ = {isa = PBXFileReference; lastKnownFileType = sourcecode.swift; path = ReceptionConfirmModalView.swift; sourceTree = "<group>"; };
		4DEFD0A628A49EF100C4DCF9 /* SubmitButton.swift */ = {isa = PBXFileReference; lastKnownFileType = sourcecode.swift; path = SubmitButton.swift; sourceTree = "<group>"; };
		4DEFD0A828A4BDE300C4DCF9 /* ReceptionTermView.swift */ = {isa = PBXFileReference; lastKnownFileType = sourcecode.swift; path = ReceptionTermView.swift; sourceTree = "<group>"; };
		4DEFD0AB28A4C02F00C4DCF9 /* FinishConfirmView.swift */ = {isa = PBXFileReference; lastKnownFileType = sourcecode.swift; path = FinishConfirmView.swift; sourceTree = "<group>"; };
		4DEFD0AD28A4C9B700C4DCF9 /* ThankYouView.swift */ = {isa = PBXFileReference; lastKnownFileType = sourcecode.swift; path = ThankYouView.swift; sourceTree = "<group>"; };
		4DEFD0B028A4EE7C00C4DCF9 /* columnModifer.swift */ = {isa = PBXFileReference; lastKnownFileType = sourcecode.swift; path = columnModifer.swift; sourceTree = "<group>"; };
		4DEFD0B228A4F44D00C4DCF9 /* HistoryDeleteModalView.swift */ = {isa = PBXFileReference; lastKnownFileType = sourcecode.swift; path = HistoryDeleteModalView.swift; sourceTree = "<group>"; };
		4DEFD0B428A4F93300C4DCF9 /* ChangeUserInfoView.swift */ = {isa = PBXFileReference; lastKnownFileType = sourcecode.swift; path = ChangeUserInfoView.swift; sourceTree = "<group>"; };
		4DEFD0B728A51A4A00C4DCF9 /* UserRepository.swift */ = {isa = PBXFileReference; lastKnownFileType = sourcecode.swift; path = UserRepository.swift; sourceTree = "<group>"; };
		4DEFD0BA28A5D13B00C4DCF9 /* extensions.swift */ = {isa = PBXFileReference; lastKnownFileType = sourcecode.swift; path = extensions.swift; sourceTree = "<group>"; };
		4DEFD0BE28A62F1F00C4DCF9 /* CSVCreator.swift */ = {isa = PBXFileReference; lastKnownFileType = sourcecode.swift; path = CSVCreator.swift; sourceTree = "<group>"; };
		4DEFD0C028A634E900C4DCF9 /* utilFunc.swift */ = {isa = PBXFileReference; lastKnownFileType = sourcecode.swift; path = utilFunc.swift; sourceTree = "<group>"; };
		4DEFD0C228A6373E00C4DCF9 /* Info.plist */ = {isa = PBXFileReference; lastKnownFileType = text.plist; path = Info.plist; sourceTree = "<group>"; };
		4DEFD0C528A647E400C4DCF9 /* AudioPlayer.swift */ = {isa = PBXFileReference; lastKnownFileType = sourcecode.swift; path = AudioPlayer.swift; sourceTree = "<group>"; };
		4DEFD0CE28A64BEE00C4DCF9 /* chimeup.mp3 */ = {isa = PBXFileReference; lastKnownFileType = audio.mp3; path = chimeup.mp3; sourceTree = "<group>"; };
		4DEFD0CF28A64BEE00C4DCF9 /* success.m4a */ = {isa = PBXFileReference; lastKnownFileType = file; path = success.m4a; sourceTree = "<group>"; };
		4DEFD0D228A7066100C4DCF9 /* ReceptionViewModel.swift */ = {isa = PBXFileReference; lastKnownFileType = sourcecode.swift; path = ReceptionViewModel.swift; sourceTree = "<group>"; };
		4DEFD0D628A713A200C4DCF9 /* ChangeUserInfoViewModel.swift */ = {isa = PBXFileReference; lastKnownFileType = sourcecode.swift; path = ChangeUserInfoViewModel.swift; sourceTree = "<group>"; };
		4DEFD0D828A7176800C4DCF9 /* HistoryCSVConfirmView.swift */ = {isa = PBXFileReference; lastKnownFileType = sourcecode.swift; path = HistoryCSVConfirmView.swift; sourceTree = "<group>"; };
		4DEFD0DB28A723BF00C4DCF9 /* UserModelTests.swift */ = {isa = PBXFileReference; lastKnownFileType = sourcecode.swift; path = UserModelTests.swift; sourceTree = "<group>"; };
		4DEFD0DD28A726B300C4DCF9 /* Info.plist */ = {isa = PBXFileReference; lastKnownFileType = text.plist; path = Info.plist; sourceTree = "<group>"; };
/* End PBXFileReference section */

/* Begin PBXFrameworksBuildPhase section */
		4D4539BC28A3B60F00B4686E /* Frameworks */ = {
			isa = PBXFrameworksBuildPhase;
			buildActionMask = 2147483647;
			files = (
				4DD34FAA28A889730006760E /* RealmSwift in Frameworks */,
				4DD34FA728A8884F0006760E /* Realm in Frameworks */,
			);
			runOnlyForDeploymentPostprocessing = 0;
		};
		4D4539CC28A3B61300B4686E /* Frameworks */ = {
			isa = PBXFrameworksBuildPhase;
			buildActionMask = 2147483647;
			files = (
				4DD34FB328A88A660006760E /* RealmSwift in Frameworks */,
				4DD34FB128A88A660006760E /* Realm in Frameworks */,
			);
			runOnlyForDeploymentPostprocessing = 0;
		};
		4D505A8128A75AD400143A8E /* Frameworks */ = {
			isa = PBXFrameworksBuildPhase;
			buildActionMask = 2147483647;
			files = (
				4DD34FB728A88A700006760E /* RealmSwift in Frameworks */,
				4DD34FB528A88A700006760E /* Realm in Frameworks */,
				4DD34FAF28A88A3F0006760E /* ViewInspector in Frameworks */,
			);
			runOnlyForDeploymentPostprocessing = 0;
		};
/* End PBXFrameworksBuildPhase section */

/* Begin PBXGroup section */
		4D4539B628A3B60F00B4686E = {
			isa = PBXGroup;
			children = (
				4D4539C128A3B60F00B4686E /* ReceptionForLinkup */,
				4D4539D228A3B61300B4686E /* ReceptionForLinkupTests */,
				4D505A8528A75AD400143A8E /* ReceptionForLinkupUITests */,
				4D4539C028A3B60F00B4686E /* Products */,
				4DD34FA828A889730006760E /* Frameworks */,
			);
			sourceTree = "<group>";
		};
		4D4539C028A3B60F00B4686E /* Products */ = {
			isa = PBXGroup;
			children = (
				4D4539BF28A3B60F00B4686E /* ReceptionForLinkup.app */,
				4D4539CF28A3B61300B4686E /* ReceptionForLinkupTests.xctest */,
				4D505A8428A75AD400143A8E /* ReceptionForLinkupUITests.xctest */,
			);
			name = Products;
			sourceTree = "<group>";
		};
		4D4539C128A3B60F00B4686E /* ReceptionForLinkup */ = {
			isa = PBXGroup;
			children = (
				4DEFD0CD28A64BEE00C4DCF9 /* Sounds */,
				4DEFD0C228A6373E00C4DCF9 /* Info.plist */,
				4DEFD0B928A5D12A00C4DCF9 /* Extensions */,
				4DEFD0AF28A4EE4800C4DCF9 /* Modifier */,
				4D4539F128A3B6A400B4686E /* Utils */,
				4D4539F028A3B69C00B4686E /* Components */,
				4D4539EF28A3B68E00B4686E /* Repository */,
				4D4539ED28A3B66300B4686E /* View */,
				4D4539EC28A3B65A00B4686E /* Model */,
				4D4539C228A3B60F00B4686E /* ReceptionForLinkupApp.swift */,
				4D4539C428A3B60F00B4686E /* ContentView.swift */,
				4DD34FB828A88BDF0006760E /* ContentTestView.swift */,
				4D4539C628A3B61200B4686E /* Assets.xcassets */,
				4D4539C828A3B61200B4686E /* Preview Content */,
			);
			path = ReceptionForLinkup;
			sourceTree = "<group>";
		};
		4D4539C828A3B61200B4686E /* Preview Content */ = {
			isa = PBXGroup;
			children = (
				4D4539C928A3B61200B4686E /* Preview Assets.xcassets */,
			);
			path = "Preview Content";
			sourceTree = "<group>";
		};
		4D4539D228A3B61300B4686E /* ReceptionForLinkupTests */ = {
			isa = PBXGroup;
			children = (
				4DEFD0DD28A726B300C4DCF9 /* Info.plist */,
				4DEFD0DA28A7236E00C4DCF9 /* Model */,
			);
			path = ReceptionForLinkupTests;
			sourceTree = "<group>";
		};
		4D4539EC28A3B65A00B4686E /* Model */ = {
			isa = PBXGroup;
			children = (
				4D4539F228A3B6EB00B4686E /* User.swift */,
				4DEFD0BE28A62F1F00C4DCF9 /* CSVCreator.swift */,
			);
			path = Model;
			sourceTree = "<group>";
		};
		4D4539ED28A3B66300B4686E /* View */ = {
			isa = PBXGroup;
			children = (
				4D453A0328A3E5AA00B4686E /* Home */,
				4DEFD0A228A48AB300C4DCF9 /* Reception */,
				4DEFD0AA28A4C00200C4DCF9 /* FInish */,
				4DEFD0B628A519A500C4DCF9 /* History */,
			);
			path = View;
			sourceTree = "<group>";
		};
		4D4539EF28A3B68E00B4686E /* Repository */ = {
			isa = PBXGroup;
			children = (
				4DEFD0B728A51A4A00C4DCF9 /* UserRepository.swift */,
			);
			path = Repository;
			sourceTree = "<group>";
		};
		4D4539F028A3B69C00B4686E /* Components */ = {
			isa = PBXGroup;
			children = (
				4DEFD0A628A49EF100C4DCF9 /* SubmitButton.swift */,
			);
			path = Components;
			sourceTree = "<group>";
		};
		4D4539F128A3B6A400B4686E /* Utils */ = {
			isa = PBXGroup;
			children = (
				4DEFD0C028A634E900C4DCF9 /* utilFunc.swift */,
				4DEFD0C528A647E400C4DCF9 /* AudioPlayer.swift */,
			);
			path = Utils;
			sourceTree = "<group>";
		};
		4D453A0328A3E5AA00B4686E /* Home */ = {
			isa = PBXGroup;
			children = (
				4D4539F528A3B99F00B4686E /* HomeView.swift */,
				4D4539FF28A3DCF200B4686E /* HomeViewButton.swift */,
				4D453A0128A3E58A00B4686E /* HomeTopHeader.swift */,
			);
			path = Home;
			sourceTree = "<group>";
		};
		4D505A8528A75AD400143A8E /* ReceptionForLinkupUITests */ = {
			isa = PBXGroup;
			children = (
				4D505A8828A75AD400143A8E /* ReceptionForLinkupUITestsLaunchTests.swift */,
				4DD34F1B28A861700006760E /* ReceptionForLinkupViewTest.swift */,
			);
			path = ReceptionForLinkupUITests;
			sourceTree = "<group>";
		};
		4DD34FA828A889730006760E /* Frameworks */ = {
			isa = PBXGroup;
			children = (
			);
			name = Frameworks;
			sourceTree = "<group>";
		};
		4DEFD0A228A48AB300C4DCF9 /* Reception */ = {
			isa = PBXGroup;
			children = (
				4DEFD0D428A7067000C4DCF9 /* VIewModel */,
				4D4539F828A3BA0C00B4686E /* ReceptionView.swift */,
				4DEFD0A428A4972E00C4DCF9 /* ReceptionConfirmModalView.swift */,
				4DEFD0A028A489CF00C4DCF9 /* ReceptionSubmitButtonView.swift */,
				4DEFD0A828A4BDE300C4DCF9 /* ReceptionTermView.swift */,
			);
			path = Reception;
			sourceTree = "<group>";
		};
		4DEFD0AA28A4C00200C4DCF9 /* FInish */ = {
			isa = PBXGroup;
			children = (
				4DEFD0D528A7138F00C4DCF9 /* ViewModel */,
				4D4539FB28A3BA9D00B4686E /* FinishListView.swift */,
				4DEFD0AB28A4C02F00C4DCF9 /* FinishConfirmView.swift */,
				4DEFD0AD28A4C9B700C4DCF9 /* ThankYouView.swift */,
				4DEFD0B428A4F93300C4DCF9 /* ChangeUserInfoView.swift */,
			);
			path = FInish;
			sourceTree = "<group>";
		};
		4DEFD0AF28A4EE4800C4DCF9 /* Modifier */ = {
			isa = PBXGroup;
			children = (
				4DEFD0B028A4EE7C00C4DCF9 /* columnModifer.swift */,
			);
			path = Modifier;
			sourceTree = "<group>";
		};
		4DEFD0B628A519A500C4DCF9 /* History */ = {
			isa = PBXGroup;
			children = (
				4D4539FD28A3BAB800B4686E /* HistoryListView.swift */,
				4DEFD0D828A7176800C4DCF9 /* HistoryCSVConfirmView.swift */,
				4DEFD0B228A4F44D00C4DCF9 /* HistoryDeleteModalView.swift */,
			);
			path = History;
			sourceTree = "<group>";
		};
		4DEFD0B928A5D12A00C4DCF9 /* Extensions */ = {
			isa = PBXGroup;
			children = (
				4DEFD0BA28A5D13B00C4DCF9 /* extensions.swift */,
			);
			path = Extensions;
			sourceTree = "<group>";
		};
		4DEFD0CD28A64BEE00C4DCF9 /* Sounds */ = {
			isa = PBXGroup;
			children = (
				4DEFD0CE28A64BEE00C4DCF9 /* chimeup.mp3 */,
				4DEFD0CF28A64BEE00C4DCF9 /* success.m4a */,
			);
			path = Sounds;
			sourceTree = "<group>";
		};
		4DEFD0D428A7067000C4DCF9 /* VIewModel */ = {
			isa = PBXGroup;
			children = (
				4DEFD0D228A7066100C4DCF9 /* ReceptionViewModel.swift */,
			);
			path = VIewModel;
			sourceTree = "<group>";
		};
		4DEFD0D528A7138F00C4DCF9 /* ViewModel */ = {
			isa = PBXGroup;
			children = (
				4DEFD0D628A713A200C4DCF9 /* ChangeUserInfoViewModel.swift */,
			);
			path = ViewModel;
			sourceTree = "<group>";
		};
		4DEFD0DA28A7236E00C4DCF9 /* Model */ = {
			isa = PBXGroup;
			children = (
				4DEFD0DB28A723BF00C4DCF9 /* UserModelTests.swift */,
			);
			path = Model;
			sourceTree = "<group>";
		};
/* End PBXGroup section */

/* Begin PBXNativeTarget section */
		4D4539BE28A3B60F00B4686E /* ReceptionForLinkup */ = {
			isa = PBXNativeTarget;
			buildConfigurationList = 4D4539E328A3B61300B4686E /* Build configuration list for PBXNativeTarget "ReceptionForLinkup" */;
			buildPhases = (
				4D4539BB28A3B60F00B4686E /* Sources */,
				4D4539BC28A3B60F00B4686E /* Frameworks */,
				4D4539BD28A3B60F00B4686E /* Resources */,
			);
			buildRules = (
			);
			dependencies = (
			);
			name = ReceptionForLinkup;
			packageProductDependencies = (
				4DD34FA628A8884F0006760E /* Realm */,
				4DD34FA928A889730006760E /* RealmSwift */,
			);
			productName = ReceptionForLinkup;
			productReference = 4D4539BF28A3B60F00B4686E /* ReceptionForLinkup.app */;
			productType = "com.apple.product-type.application";
		};
		4D4539CE28A3B61300B4686E /* ReceptionForLinkupTests */ = {
			isa = PBXNativeTarget;
			buildConfigurationList = 4D4539E628A3B61300B4686E /* Build configuration list for PBXNativeTarget "ReceptionForLinkupTests" */;
			buildPhases = (
				4D4539CB28A3B61300B4686E /* Sources */,
				4D4539CC28A3B61300B4686E /* Frameworks */,
				4D4539CD28A3B61300B4686E /* Resources */,
			);
			buildRules = (
			);
			dependencies = (
				4D4539D128A3B61300B4686E /* PBXTargetDependency */,
			);
			name = ReceptionForLinkupTests;
			packageProductDependencies = (
				4DD34FB028A88A660006760E /* Realm */,
				4DD34FB228A88A660006760E /* RealmSwift */,
			);
			productName = ReceptionForLinkupTests;
			productReference = 4D4539CF28A3B61300B4686E /* ReceptionForLinkupTests.xctest */;
			productType = "com.apple.product-type.bundle.unit-test";
		};
		4D505A8328A75AD400143A8E /* ReceptionForLinkupUITests */ = {
			isa = PBXNativeTarget;
			buildConfigurationList = 4D505A8C28A75AD400143A8E /* Build configuration list for PBXNativeTarget "ReceptionForLinkupUITests" */;
			buildPhases = (
				4D505A8028A75AD400143A8E /* Sources */,
				4D505A8128A75AD400143A8E /* Frameworks */,
				4D505A8228A75AD400143A8E /* Resources */,
			);
			buildRules = (
			);
			dependencies = (
				4D505A8B28A75AD400143A8E /* PBXTargetDependency */,
			);
			name = ReceptionForLinkupUITests;
			packageProductDependencies = (
				4DD34FAE28A88A3F0006760E /* ViewInspector */,
				4DD34FB428A88A700006760E /* Realm */,
				4DD34FB628A88A700006760E /* RealmSwift */,
			);
			productName = ReceptionForLinkupUITests;
			productReference = 4D505A8428A75AD400143A8E /* ReceptionForLinkupUITests.xctest */;
			productType = "com.apple.product-type.bundle.ui-testing";
		};
/* End PBXNativeTarget section */

/* Begin PBXProject section */
		4D4539B728A3B60F00B4686E /* Project object */ = {
			isa = PBXProject;
			attributes = {
				BuildIndependentTargetsInParallel = 1;
				LastSwiftUpdateCheck = 1340;
				LastUpgradeCheck = 1340;
				TargetAttributes = {
					4D4539BE28A3B60F00B4686E = {
						CreatedOnToolsVersion = 13.4.1;
					};
					4D4539CE28A3B61300B4686E = {
						CreatedOnToolsVersion = 13.4.1;
						TestTargetID = 4D4539BE28A3B60F00B4686E;
					};
					4D505A8328A75AD400143A8E = {
						CreatedOnToolsVersion = 13.4.1;
						TestTargetID = 4D4539BE28A3B60F00B4686E;
					};
				};
			};
			buildConfigurationList = 4D4539BA28A3B60F00B4686E /* Build configuration list for PBXProject "ReceptionForLinkup" */;
			compatibilityVersion = "Xcode 13.0";
			developmentRegion = en;
			hasScannedForEncodings = 0;
			knownRegions = (
				en,
				Base,
			);
			mainGroup = 4D4539B628A3B60F00B4686E;
			packageReferences = (
				4DD34F7728A880C60006760E /* XCRemoteSwiftPackageReference "realm-swift" */,
				4DD34FAD28A88A3F0006760E /* XCRemoteSwiftPackageReference "ViewInspector" */,
			);
			productRefGroup = 4D4539C028A3B60F00B4686E /* Products */;
			projectDirPath = "";
			projectRoot = "";
			targets = (
				4D4539BE28A3B60F00B4686E /* ReceptionForLinkup */,
				4D4539CE28A3B61300B4686E /* ReceptionForLinkupTests */,
				4D505A8328A75AD400143A8E /* ReceptionForLinkupUITests */,
			);
		};
/* End PBXProject section */

/* Begin PBXResourcesBuildPhase section */
		4D4539BD28A3B60F00B4686E /* Resources */ = {
			isa = PBXResourcesBuildPhase;
			buildActionMask = 2147483647;
			files = (
				4DEFD0D128A64BEE00C4DCF9 /* success.m4a in Resources */,
				4DEFD0D028A64BEE00C4DCF9 /* chimeup.mp3 in Resources */,
				4D4539CA28A3B61200B4686E /* Preview Assets.xcassets in Resources */,
				4D4539C728A3B61200B4686E /* Assets.xcassets in Resources */,
			);
			runOnlyForDeploymentPostprocessing = 0;
		};
		4D4539CD28A3B61300B4686E /* Resources */ = {
			isa = PBXResourcesBuildPhase;
			buildActionMask = 2147483647;
			files = (
			);
			runOnlyForDeploymentPostprocessing = 0;
		};
		4D505A8228A75AD400143A8E /* Resources */ = {
			isa = PBXResourcesBuildPhase;
			buildActionMask = 2147483647;
			files = (
			);
			runOnlyForDeploymentPostprocessing = 0;
		};
/* End PBXResourcesBuildPhase section */

/* Begin PBXSourcesBuildPhase section */
		4D4539BB28A3B60F00B4686E /* Sources */ = {
			isa = PBXSourcesBuildPhase;
			buildActionMask = 2147483647;
			files = (
				4DEFD0AC28A4C02F00C4DCF9 /* FinishConfirmView.swift in Sources */,
				4D4539C528A3B60F00B4686E /* ContentView.swift in Sources */,
				4DEFD0B128A4EE7C00C4DCF9 /* columnModifer.swift in Sources */,
				4DEFD0A728A49EF100C4DCF9 /* SubmitButton.swift in Sources */,
				4D4539FC28A3BA9D00B4686E /* FinishListView.swift in Sources */,
				4D4539FE28A3BAB800B4686E /* HistoryListView.swift in Sources */,
				4DEFD0A528A4972E00C4DCF9 /* ReceptionConfirmModalView.swift in Sources */,
				4DEFD0D928A7176800C4DCF9 /* HistoryCSVConfirmView.swift in Sources */,
				4DD34FB928A88BDF0006760E /* ContentTestView.swift in Sources */,
				4D4539F928A3BA0C00B4686E /* ReceptionView.swift in Sources */,
				4DEFD0A128A489CF00C4DCF9 /* ReceptionSubmitButtonView.swift in Sources */,
				4D4539F628A3B99F00B4686E /* HomeView.swift in Sources */,
				4DEFD0C628A647E400C4DCF9 /* AudioPlayer.swift in Sources */,
				4DEFD0A928A4BDE300C4DCF9 /* ReceptionTermView.swift in Sources */,
				4DEFD0BB28A5D13B00C4DCF9 /* extensions.swift in Sources */,
				4D4539C328A3B60F00B4686E /* ReceptionForLinkupApp.swift in Sources */,
				4DEFD0C128A634E900C4DCF9 /* utilFunc.swift in Sources */,
				4D4539F328A3B6EB00B4686E /* User.swift in Sources */,
				4DEFD0D328A7066100C4DCF9 /* ReceptionViewModel.swift in Sources */,
				4DEFD0B328A4F44D00C4DCF9 /* HistoryDeleteModalView.swift in Sources */,
				4D453A0228A3E58A00B4686E /* HomeTopHeader.swift in Sources */,
				4DEFD0BF28A62F1F00C4DCF9 /* CSVCreator.swift in Sources */,
				4DEFD0B528A4F93300C4DCF9 /* ChangeUserInfoView.swift in Sources */,
				4D453A0028A3DCF200B4686E /* HomeViewButton.swift in Sources */,
				4DEFD0B828A51A4A00C4DCF9 /* UserRepository.swift in Sources */,
				4DEFD0AE28A4C9B700C4DCF9 /* ThankYouView.swift in Sources */,
				4DEFD0D728A713A200C4DCF9 /* ChangeUserInfoViewModel.swift in Sources */,
			);
			runOnlyForDeploymentPostprocessing = 0;
		};
		4D4539CB28A3B61300B4686E /* Sources */ = {
			isa = PBXSourcesBuildPhase;
			buildActionMask = 2147483647;
			files = (
				4D505A7F28A73E8B00143A8E /* UserModelTests.swift in Sources */,
			);
			runOnlyForDeploymentPostprocessing = 0;
		};
		4D505A8028A75AD400143A8E /* Sources */ = {
			isa = PBXSourcesBuildPhase;
			buildActionMask = 2147483647;
			files = (
				4DD34FBC28A88FDB0006760E /* extensions.swift in Sources */,
				4DD34FBD28A88FDB0006760E /* columnModifer.swift in Sources */,
				4DD34FBE28A88FDB0006760E /* utilFunc.swift in Sources */,
				4DD34FBF28A88FDB0006760E /* AudioPlayer.swift in Sources */,
				4DD34FC028A88FDB0006760E /* SubmitButton.swift in Sources */,
				4DD34F1C28A861700006760E /* ReceptionForLinkupViewTest.swift in Sources */,
				4DD44E7F28A79E59001F00FD /* ReceptionForLinkupUITestsLaunchTests.swift in Sources */,
				4DD34FBA28A88CE30006760E /* ContentTestView.swift in Sources */,
				4DD34FBB28A88F160006760E /* ThankYouView.swift in Sources */,
			);
			runOnlyForDeploymentPostprocessing = 0;
		};
/* End PBXSourcesBuildPhase section */

/* Begin PBXTargetDependency section */
		4D4539D128A3B61300B4686E /* PBXTargetDependency */ = {
			isa = PBXTargetDependency;
			target = 4D4539BE28A3B60F00B4686E /* ReceptionForLinkup */;
			targetProxy = 4D4539D028A3B61300B4686E /* PBXContainerItemProxy */;
		};
		4D505A8B28A75AD400143A8E /* PBXTargetDependency */ = {
			isa = PBXTargetDependency;
			target = 4D4539BE28A3B60F00B4686E /* ReceptionForLinkup */;
			targetProxy = 4D505A8A28A75AD400143A8E /* PBXContainerItemProxy */;
		};
/* End PBXTargetDependency section */

/* Begin XCBuildConfiguration section */
		4D4539E128A3B61300B4686E /* Debug */ = {
			isa = XCBuildConfiguration;
			buildSettings = {
				ALWAYS_SEARCH_USER_PATHS = NO;
				CLANG_ANALYZER_NONNULL = YES;
				CLANG_ANALYZER_NUMBER_OBJECT_CONVERSION = YES_AGGRESSIVE;
				CLANG_CXX_LANGUAGE_STANDARD = "gnu++17";
				CLANG_ENABLE_MODULES = YES;
				CLANG_ENABLE_OBJC_ARC = YES;
				CLANG_ENABLE_OBJC_WEAK = YES;
				CLANG_WARN_BLOCK_CAPTURE_AUTORELEASING = YES;
				CLANG_WARN_BOOL_CONVERSION = YES;
				CLANG_WARN_COMMA = YES;
				CLANG_WARN_CONSTANT_CONVERSION = YES;
				CLANG_WARN_DEPRECATED_OBJC_IMPLEMENTATIONS = YES;
				CLANG_WARN_DIRECT_OBJC_ISA_USAGE = YES_ERROR;
				CLANG_WARN_DOCUMENTATION_COMMENTS = YES;
				CLANG_WARN_EMPTY_BODY = YES;
				CLANG_WARN_ENUM_CONVERSION = YES;
				CLANG_WARN_INFINITE_RECURSION = YES;
				CLANG_WARN_INT_CONVERSION = YES;
				CLANG_WARN_NON_LITERAL_NULL_CONVERSION = YES;
				CLANG_WARN_OBJC_IMPLICIT_RETAIN_SELF = YES;
				CLANG_WARN_OBJC_LITERAL_CONVERSION = YES;
				CLANG_WARN_OBJC_ROOT_CLASS = YES_ERROR;
				CLANG_WARN_QUOTED_INCLUDE_IN_FRAMEWORK_HEADER = YES;
				CLANG_WARN_RANGE_LOOP_ANALYSIS = YES;
				CLANG_WARN_STRICT_PROTOTYPES = YES;
				CLANG_WARN_SUSPICIOUS_MOVE = YES;
				CLANG_WARN_UNGUARDED_AVAILABILITY = YES_AGGRESSIVE;
				CLANG_WARN_UNREACHABLE_CODE = YES;
				CLANG_WARN__DUPLICATE_METHOD_MATCH = YES;
				COPY_PHASE_STRIP = NO;
				DEBUG_INFORMATION_FORMAT = dwarf;
				ENABLE_STRICT_OBJC_MSGSEND = YES;
				ENABLE_TESTABILITY = YES;
				GCC_C_LANGUAGE_STANDARD = gnu11;
				GCC_DYNAMIC_NO_PIC = NO;
				GCC_NO_COMMON_BLOCKS = YES;
				GCC_OPTIMIZATION_LEVEL = 0;
				GCC_PREPROCESSOR_DEFINITIONS = (
					"DEBUG=1",
					"$(inherited)",
				);
				GCC_WARN_64_TO_32_BIT_CONVERSION = YES;
				GCC_WARN_ABOUT_RETURN_TYPE = YES_ERROR;
				GCC_WARN_UNDECLARED_SELECTOR = YES;
				GCC_WARN_UNINITIALIZED_AUTOS = YES_AGGRESSIVE;
				GCC_WARN_UNUSED_FUNCTION = YES;
				GCC_WARN_UNUSED_VARIABLE = YES;
				IPHONEOS_DEPLOYMENT_TARGET = 15.5;
				LD_VERIFY_BITCODE = NO;
				MACOSX_DEPLOYMENT_TARGET = 12.3;
				MTL_ENABLE_DEBUG_INFO = INCLUDE_SOURCE;
				MTL_FAST_MATH = YES;
				ONLY_ACTIVE_ARCH = YES;
				SDKROOT = iphoneos;
				SWIFT_ACTIVE_COMPILATION_CONDITIONS = DEBUG;
				SWIFT_OPTIMIZATION_LEVEL = "-Onone";
				TVOS_DEPLOYMENT_TARGET = 15.4;
				WATCHOS_DEPLOYMENT_TARGET = 8.5;
			};
			name = Debug;
		};
		4D4539E228A3B61300B4686E /* Release */ = {
			isa = XCBuildConfiguration;
			buildSettings = {
				ALWAYS_SEARCH_USER_PATHS = NO;
				CLANG_ANALYZER_NONNULL = YES;
				CLANG_ANALYZER_NUMBER_OBJECT_CONVERSION = YES_AGGRESSIVE;
				CLANG_CXX_LANGUAGE_STANDARD = "gnu++17";
				CLANG_ENABLE_MODULES = YES;
				CLANG_ENABLE_OBJC_ARC = YES;
				CLANG_ENABLE_OBJC_WEAK = YES;
				CLANG_WARN_BLOCK_CAPTURE_AUTORELEASING = YES;
				CLANG_WARN_BOOL_CONVERSION = YES;
				CLANG_WARN_COMMA = YES;
				CLANG_WARN_CONSTANT_CONVERSION = YES;
				CLANG_WARN_DEPRECATED_OBJC_IMPLEMENTATIONS = YES;
				CLANG_WARN_DIRECT_OBJC_ISA_USAGE = YES_ERROR;
				CLANG_WARN_DOCUMENTATION_COMMENTS = YES;
				CLANG_WARN_EMPTY_BODY = YES;
				CLANG_WARN_ENUM_CONVERSION = YES;
				CLANG_WARN_INFINITE_RECURSION = YES;
				CLANG_WARN_INT_CONVERSION = YES;
				CLANG_WARN_NON_LITERAL_NULL_CONVERSION = YES;
				CLANG_WARN_OBJC_IMPLICIT_RETAIN_SELF = YES;
				CLANG_WARN_OBJC_LITERAL_CONVERSION = YES;
				CLANG_WARN_OBJC_ROOT_CLASS = YES_ERROR;
				CLANG_WARN_QUOTED_INCLUDE_IN_FRAMEWORK_HEADER = YES;
				CLANG_WARN_RANGE_LOOP_ANALYSIS = YES;
				CLANG_WARN_STRICT_PROTOTYPES = YES;
				CLANG_WARN_SUSPICIOUS_MOVE = YES;
				CLANG_WARN_UNGUARDED_AVAILABILITY = YES_AGGRESSIVE;
				CLANG_WARN_UNREACHABLE_CODE = YES;
				CLANG_WARN__DUPLICATE_METHOD_MATCH = YES;
				COPY_PHASE_STRIP = NO;
				DEBUG_INFORMATION_FORMAT = "dwarf-with-dsym";
				ENABLE_NS_ASSERTIONS = NO;
				ENABLE_STRICT_OBJC_MSGSEND = YES;
				GCC_C_LANGUAGE_STANDARD = gnu11;
				GCC_NO_COMMON_BLOCKS = YES;
				GCC_WARN_64_TO_32_BIT_CONVERSION = YES;
				GCC_WARN_ABOUT_RETURN_TYPE = YES_ERROR;
				GCC_WARN_UNDECLARED_SELECTOR = YES;
				GCC_WARN_UNINITIALIZED_AUTOS = YES_AGGRESSIVE;
				GCC_WARN_UNUSED_FUNCTION = YES;
				GCC_WARN_UNUSED_VARIABLE = YES;
				IPHONEOS_DEPLOYMENT_TARGET = 15.5;
				LD_VERIFY_BITCODE = NO;
				MACOSX_DEPLOYMENT_TARGET = 12.3;
				MTL_ENABLE_DEBUG_INFO = NO;
				MTL_FAST_MATH = YES;
				SDKROOT = iphoneos;
				SWIFT_COMPILATION_MODE = wholemodule;
				SWIFT_OPTIMIZATION_LEVEL = "-O";
				TVOS_DEPLOYMENT_TARGET = 15.4;
				VALIDATE_PRODUCT = YES;
				WATCHOS_DEPLOYMENT_TARGET = 8.5;
			};
			name = Release;
		};
		4D4539E428A3B61300B4686E /* Debug */ = {
			isa = XCBuildConfiguration;
			buildSettings = {
				ASSETCATALOG_COMPILER_APPICON_NAME = AppIcon;
				ASSETCATALOG_COMPILER_GLOBAL_ACCENT_COLOR_NAME = AccentColor;
				CODE_SIGN_STYLE = Automatic;
				CURRENT_PROJECT_VERSION = 1;
				DEVELOPMENT_ASSET_PATHS = "\"ReceptionForLinkup/Preview Content\"";
				DEVELOPMENT_TEAM = 254G68X5D9;
				ENABLE_PREVIEWS = YES;
				FRAMEWORK_SEARCH_PATHS = (
					"$(inherited)",
					"\"$(PLATFORM_DIR)/Developer/Library/Frameworks\"",
					"\"${PODS_CONFIGURATION_BUILD_DIR}/Realm\"",
					"\"${PODS_CONFIGURATION_BUILD_DIR}/RealmSwift\"",
					"\"${PODS_CONFIGURATION_BUILD_DIR}/ViewInspector\"",
					"\"${PODS_ROOT}/Realm/core\"",
				);
				GENERATE_INFOPLIST_FILE = YES;
				INFOPLIST_FILE = ReceptionForLinkup/Info.plist;
				INFOPLIST_KEY_LSSupportsOpeningDocumentsInPlace = YES;
				INFOPLIST_KEY_UIApplicationSceneManifest_Generation = YES;
				INFOPLIST_KEY_UIApplicationSupportsIndirectInputEvents = YES;
				INFOPLIST_KEY_UILaunchScreen_Generation = YES;
				INFOPLIST_KEY_UISupportedInterfaceOrientations = "UIInterfaceOrientationLandscapeLeft UIInterfaceOrientationLandscapeRight";
				INFOPLIST_KEY_UISupportedInterfaceOrientations_iPad = "UIInterfaceOrientationLandscapeLeft UIInterfaceOrientationLandscapeRight";
				INFOPLIST_KEY_UISupportedInterfaceOrientations_iPhone = "UIInterfaceOrientationPortrait UIInterfaceOrientationLandscapeLeft UIInterfaceOrientationLandscapeRight";
				IPHONEOS_DEPLOYMENT_TARGET = 15.0;
				LD_RUNPATH_SEARCH_PATHS = (
					"$(inherited)",
					"@executable_path/Frameworks",
				);
				MARKETING_VERSION = 1.2;
				PRODUCT_BUNDLE_IDENTIFIER = com.gritup.ReceptionForLinkup;
				PRODUCT_NAME = "$(TARGET_NAME)";
				SWIFT_EMIT_LOC_STRINGS = YES;
				SWIFT_VERSION = 5.0;
				TARGETED_DEVICE_FAMILY = 2;
			};
			name = Debug;
		};
		4D4539E528A3B61300B4686E /* Release */ = {
			isa = XCBuildConfiguration;
			buildSettings = {
				ASSETCATALOG_COMPILER_APPICON_NAME = AppIcon;
				ASSETCATALOG_COMPILER_GLOBAL_ACCENT_COLOR_NAME = AccentColor;
				CODE_SIGN_STYLE = Automatic;
				CURRENT_PROJECT_VERSION = 1;
				DEVELOPMENT_ASSET_PATHS = "\"ReceptionForLinkup/Preview Content\"";
				DEVELOPMENT_TEAM = 254G68X5D9;
				ENABLE_PREVIEWS = YES;
				FRAMEWORK_SEARCH_PATHS = (
					"$(inherited)",
					"\"$(PLATFORM_DIR)/Developer/Library/Frameworks\"",
					"\"${PODS_CONFIGURATION_BUILD_DIR}/Realm\"",
					"\"${PODS_CONFIGURATION_BUILD_DIR}/RealmSwift\"",
					"\"${PODS_CONFIGURATION_BUILD_DIR}/ViewInspector\"",
					"\"${PODS_ROOT}/Realm/core\"",
				);
				GENERATE_INFOPLIST_FILE = YES;
				INFOPLIST_FILE = ReceptionForLinkup/Info.plist;
				INFOPLIST_KEY_LSSupportsOpeningDocumentsInPlace = YES;
				INFOPLIST_KEY_UIApplicationSceneManifest_Generation = YES;
				INFOPLIST_KEY_UIApplicationSupportsIndirectInputEvents = YES;
				INFOPLIST_KEY_UILaunchScreen_Generation = YES;
				INFOPLIST_KEY_UISupportedInterfaceOrientations = "UIInterfaceOrientationLandscapeLeft UIInterfaceOrientationLandscapeRight";
				INFOPLIST_KEY_UISupportedInterfaceOrientations_iPad = "UIInterfaceOrientationLandscapeLeft UIInterfaceOrientationLandscapeRight";
				INFOPLIST_KEY_UISupportedInterfaceOrientations_iPhone = "UIInterfaceOrientationPortrait UIInterfaceOrientationLandscapeLeft UIInterfaceOrientationLandscapeRight";
				IPHONEOS_DEPLOYMENT_TARGET = 15.0;
				LD_RUNPATH_SEARCH_PATHS = (
					"$(inherited)",
					"@executable_path/Frameworks",
				);
				MARKETING_VERSION = 1.2;
				PRODUCT_BUNDLE_IDENTIFIER = com.gritup.ReceptionForLinkup;
				PRODUCT_NAME = "$(TARGET_NAME)";
				SWIFT_EMIT_LOC_STRINGS = YES;
				SWIFT_VERSION = 5.0;
				TARGETED_DEVICE_FAMILY = 2;
			};
			name = Release;
		};
		4D4539E728A3B61300B4686E /* Debug */ = {
			isa = XCBuildConfiguration;
			buildSettings = {
				ALWAYS_EMBED_SWIFT_STANDARD_LIBRARIES = YES;
				BUNDLE_LOADER = "$(TEST_HOST)";
				CODE_SIGN_STYLE = Automatic;
				CURRENT_PROJECT_VERSION = 1;
				DEVELOPMENT_TEAM = 254G68X5D9;
				GENERATE_INFOPLIST_FILE = YES;
				INFOPLIST_FILE = ReceptionForLinkupTests/Info.plist;
				INFOPLIST_KEY_LSApplicationCategoryType = "";
				IPHONEOS_DEPLOYMENT_TARGET = 15.5;
				MARKETING_VERSION = 1.0;
				PRODUCT_BUNDLE_IDENTIFIER = com.gritup.ReceptionForLinkupTests;
				PRODUCT_NAME = "$(TARGET_NAME)";
				SWIFT_EMIT_LOC_STRINGS = NO;
				SWIFT_VERSION = 5.0;
				TARGETED_DEVICE_FAMILY = "1,2";
				TEST_HOST = "$(BUILT_PRODUCTS_DIR)/ReceptionForLinkup.app/ReceptionForLinkup";
			};
			name = Debug;
		};
		4D4539E828A3B61300B4686E /* Release */ = {
			isa = XCBuildConfiguration;
			buildSettings = {
				ALWAYS_EMBED_SWIFT_STANDARD_LIBRARIES = YES;
				BUNDLE_LOADER = "$(TEST_HOST)";
				CODE_SIGN_STYLE = Automatic;
				CURRENT_PROJECT_VERSION = 1;
				DEVELOPMENT_TEAM = 254G68X5D9;
				GENERATE_INFOPLIST_FILE = YES;
				INFOPLIST_FILE = ReceptionForLinkupTests/Info.plist;
				INFOPLIST_KEY_LSApplicationCategoryType = "";
				IPHONEOS_DEPLOYMENT_TARGET = 15.5;
				MARKETING_VERSION = 1.0;
				PRODUCT_BUNDLE_IDENTIFIER = com.gritup.ReceptionForLinkupTests;
				PRODUCT_NAME = "$(TARGET_NAME)";
				SWIFT_EMIT_LOC_STRINGS = NO;
				SWIFT_VERSION = 5.0;
				TARGETED_DEVICE_FAMILY = "1,2";
				TEST_HOST = "$(BUILT_PRODUCTS_DIR)/ReceptionForLinkup.app/ReceptionForLinkup";
			};
			name = Release;
		};
		4D505A8D28A75AD400143A8E /* Debug */ = {
			isa = XCBuildConfiguration;
			buildSettings = {
				CODE_SIGN_STYLE = Automatic;
				CURRENT_PROJECT_VERSION = 1;
				DEVELOPMENT_TEAM = 254G68X5D9;
				FRAMEWORK_SEARCH_PATHS = "";
				GENERATE_INFOPLIST_FILE = YES;
				MARKETING_VERSION = 1.0;
				PRODUCT_BUNDLE_IDENTIFIER = com.gritup.ReceptionForLinkupUITests;
				PRODUCT_NAME = "$(TARGET_NAME)";
				SWIFT_EMIT_LOC_STRINGS = NO;
				SWIFT_VERSION = 5.0;
				TARGETED_DEVICE_FAMILY = "1,2";
				TEST_TARGET_NAME = ReceptionForLinkup;
			};
			name = Debug;
		};
		4D505A8E28A75AD400143A8E /* Release */ = {
			isa = XCBuildConfiguration;
			buildSettings = {
				CODE_SIGN_STYLE = Automatic;
				CURRENT_PROJECT_VERSION = 1;
				DEVELOPMENT_TEAM = 254G68X5D9;
				GENERATE_INFOPLIST_FILE = YES;
				MARKETING_VERSION = 1.0;
				PRODUCT_BUNDLE_IDENTIFIER = com.gritup.ReceptionForLinkupUITests;
				PRODUCT_NAME = "$(TARGET_NAME)";
				SWIFT_EMIT_LOC_STRINGS = NO;
				SWIFT_VERSION = 5.0;
				TARGETED_DEVICE_FAMILY = "1,2";
				TEST_TARGET_NAME = ReceptionForLinkup;
			};
			name = Release;
		};
/* End XCBuildConfiguration section */

/* Begin XCConfigurationList section */
		4D4539BA28A3B60F00B4686E /* Build configuration list for PBXProject "ReceptionForLinkup" */ = {
			isa = XCConfigurationList;
			buildConfigurations = (
				4D4539E128A3B61300B4686E /* Debug */,
				4D4539E228A3B61300B4686E /* Release */,
			);
			defaultConfigurationIsVisible = 0;
			defaultConfigurationName = Release;
		};
		4D4539E328A3B61300B4686E /* Build configuration list for PBXNativeTarget "ReceptionForLinkup" */ = {
			isa = XCConfigurationList;
			buildConfigurations = (
				4D4539E428A3B61300B4686E /* Debug */,
				4D4539E528A3B61300B4686E /* Release */,
			);
			defaultConfigurationIsVisible = 0;
			defaultConfigurationName = Release;
		};
		4D4539E628A3B61300B4686E /* Build configuration list for PBXNativeTarget "ReceptionForLinkupTests" */ = {
			isa = XCConfigurationList;
			buildConfigurations = (
				4D4539E728A3B61300B4686E /* Debug */,
				4D4539E828A3B61300B4686E /* Release */,
			);
			defaultConfigurationIsVisible = 0;
			defaultConfigurationName = Release;
		};
		4D505A8C28A75AD400143A8E /* Build configuration list for PBXNativeTarget "ReceptionForLinkupUITests" */ = {
			isa = XCConfigurationList;
			buildConfigurations = (
				4D505A8D28A75AD400143A8E /* Debug */,
				4D505A8E28A75AD400143A8E /* Release */,
			);
			defaultConfigurationIsVisible = 0;
			defaultConfigurationName = Release;
		};
/* End XCConfigurationList section */

/* Begin XCRemoteSwiftPackageReference section */
		4DD34F7728A880C60006760E /* XCRemoteSwiftPackageReference "realm-swift" */ = {
			isa = XCRemoteSwiftPackageReference;
			repositoryURL = "https://github.com/realm/realm-swift.git";
			requirement = {
				kind = upToNextMajorVersion;
				minimumVersion = 10.28.5;
			};
		};
		4DD34FAD28A88A3F0006760E /* XCRemoteSwiftPackageReference "ViewInspector" */ = {
			isa = XCRemoteSwiftPackageReference;
			repositoryURL = "https://github.com/nalexn/ViewInspector";
			requirement = {
				kind = upToNextMajorVersion;
				minimumVersion = 0.9.1;
			};
		};
/* End XCRemoteSwiftPackageReference section */

/* Begin XCSwiftPackageProductDependency section */
		4DD34FA628A8884F0006760E /* Realm */ = {
			isa = XCSwiftPackageProductDependency;
			package = 4DD34F7728A880C60006760E /* XCRemoteSwiftPackageReference "realm-swift" */;
			productName = Realm;
		};
		4DD34FA928A889730006760E /* RealmSwift */ = {
			isa = XCSwiftPackageProductDependency;
			package = 4DD34F7728A880C60006760E /* XCRemoteSwiftPackageReference "realm-swift" */;
			productName = RealmSwift;
		};
		4DD34FAE28A88A3F0006760E /* ViewInspector */ = {
			isa = XCSwiftPackageProductDependency;
			package = 4DD34FAD28A88A3F0006760E /* XCRemoteSwiftPackageReference "ViewInspector" */;
			productName = ViewInspector;
		};
		4DD34FB028A88A660006760E /* Realm */ = {
			isa = XCSwiftPackageProductDependency;
			package = 4DD34F7728A880C60006760E /* XCRemoteSwiftPackageReference "realm-swift" */;
			productName = Realm;
		};
		4DD34FB228A88A660006760E /* RealmSwift */ = {
			isa = XCSwiftPackageProductDependency;
			package = 4DD34F7728A880C60006760E /* XCRemoteSwiftPackageReference "realm-swift" */;
			productName = RealmSwift;
		};
		4DD34FB428A88A700006760E /* Realm */ = {
			isa = XCSwiftPackageProductDependency;
			package = 4DD34F7728A880C60006760E /* XCRemoteSwiftPackageReference "realm-swift" */;
			productName = Realm;
		};
		4DD34FB628A88A700006760E /* RealmSwift */ = {
			isa = XCSwiftPackageProductDependency;
			package = 4DD34F7728A880C60006760E /* XCRemoteSwiftPackageReference "realm-swift" */;
			productName = RealmSwift;
		};
/* End XCSwiftPackageProductDependency section */
	};
	rootObject = 4D4539B728A3B60F00B4686E /* Project object */;
}
